
Microsoft Visual Studio Solution File, Format Version 12.00
# Visual Studio Version 17
VisualStudioVersion = 17.11.35303.130
MinimumVisualStudioVersion = 10.0.40219.1
Project("{FAE04EC0-301F-11D3-BF4B-00C04F79EFBC}") = "MauiApp1", "MauiApp1\MauiApp1.csproj", "{38E41D06-F1F9-4B78-A534-B75E9E25B032}"
EndProject
Global
	GlobalSection(SolutionConfigurationPlatforms) = preSolution
		Debug|Any CPU = Debug|Any CPU
		Release|Any CPU = Release|Any CPU
	EndGlobalSection
	GlobalSection(ProjectConfigurationPlatforms) = postSolution
		{38E41D06-F1F9-4B78-A534-B75E9E25B032}.Debug|Any CPU.ActiveCfg = Debug|Any CPU
		{38E41D06-F1F9-4B78-A534-B75E9E25B032}.Debug|Any CPU.Build.0 = Debug|Any CPU
		{38E41D06-F1F9-4B78-A534-B75E9E25B032}.Debug|Any CPU.Deploy.0 = Debug|Any CPU
		{38E41D06-F1F9-4B78-A534-B75E9E25B032}.Release|Any CPU.ActiveCfg = Release|Any CPU
		{38E41D06-F1F9-4B78-A534-B75E9E25B032}.Release|Any CPU.Build.0 = Release|Any CPU
		{38E41D06-F1F9-4B78-A534-B75E9E25B032}.Release|Any CPU.Deploy.0 = Release|Any CPU
	EndGlobalSection
	GlobalSection(SolutionProperties) = preSolution
		HideSolutionNode = FALSE
	EndGlobalSection
	GlobalSection(ExtensibilityGlobals) = postSolution
		SolutionGuid = {2269903A-5A03-4B30-9C73-BFD4C51C0688}
	EndGlobalSection
EndGlobal
